// !$*UTF8*$!
{
	archiveVersion = 1;
	classes = {
	};
	objectVersion = 46;
	objects = {

/* Begin PBXBuildFile section */
		2BB196C61AD5940800164CD3 /* MacWindowTamer.mm in Sources */ = {isa = PBXBuildFile; fileRef = 2BB196C51AD5940800164CD3 /* MacWindowTamer.mm */; };
		72BA8DBF2AB69695007B6EE4 /* Cocoa.framework in Frameworks */ = {isa = PBXBuildFile; fileRef = 72BA8DBE2AB69695007B6EE4 /* Cocoa.framework */; };
		72BA8DC22AB6971F007B6EE4 /* MWTWindowMonitor.h in Headers */ = {isa = PBXBuildFile; fileRef = 72BA8DC02AB6971F007B6EE4 /* MWTWindowMonitor.h */; };
		72BA8DC32AB6971F007B6EE4 /* MWTWindowMonitor.mm in Sources */ = {isa = PBXBuildFile; fileRef = 72BA8DC12AB6971F007B6EE4 /* MWTWindowMonitor.mm */; };
		72BA8DC62AB69B5C007B6EE4 /* NSWindow+MWTWindowSwizzle.h in Headers */ = {isa = PBXBuildFile; fileRef = 72BA8DC42AB69B5C007B6EE4 /* NSWindow+MWTWindowSwizzle.h */; };
		72BA8DC72AB69B5C007B6EE4 /* NSWindow+MWTWindowSwizzle.m in Sources */ = {isa = PBXBuildFile; fileRef = 72BA8DC52AB69B5C007B6EE4 /* NSWindow+MWTWindowSwizzle.m */; };
		72BA8DCA2AB90A43007B6EE4 /* NSApplication+MWTApplicationSwizzle.h in Headers */ = {isa = PBXBuildFile; fileRef = 72BA8DC82AB90A43007B6EE4 /* NSApplication+MWTApplicationSwizzle.h */; };
		72BA8DCB2AB90A43007B6EE4 /* NSApplication+MWTApplicationSwizzle.m in Sources */ = {isa = PBXBuildFile; fileRef = 72BA8DC92AB90A43007B6EE4 /* NSApplication+MWTApplicationSwizzle.m */; };
/* End PBXBuildFile section */

/* Begin PBXFileReference section */
		2BB196BE1AD586AA00164CD3 /* MacWindowTamer.dylib */ = {isa = PBXFileReference; explicitFileType = "compiled.mach-o.dylib"; includeInIndex = 0; path = MacWindowTamer.dylib; sourceTree = BUILT_PRODUCTS_DIR; };
		2BB196C51AD5940800164CD3 /* MacWindowTamer.mm */ = {isa = PBXFileReference; fileEncoding = 4; lastKnownFileType = sourcecode.cpp.objcpp; path = MacWindowTamer.mm; sourceTree = "<group>"; };
		727F022F2B1A9174009B979A /* MacWindowTamer.manifest */ = {isa = PBXFileReference; fileEncoding = 4; lastKnownFileType = text; path = MacWindowTamer.manifest; sourceTree = "<group>"; };
		72BA8DBE2AB69695007B6EE4 /* Cocoa.framework */ = {isa = PBXFileReference; lastKnownFileType = wrapper.framework; name = Cocoa.framework; path = System/Library/Frameworks/Cocoa.framework; sourceTree = SDKROOT; };
		72BA8DC02AB6971F007B6EE4 /* MWTWindowMonitor.h */ = {isa = PBXFileReference; lastKnownFileType = sourcecode.c.h; path = MWTWindowMonitor.h; sourceTree = "<group>"; };
		72BA8DC12AB6971F007B6EE4 /* MWTWindowMonitor.mm */ = {isa = PBXFileReference; lastKnownFileType = sourcecode.cpp.objcpp; path = MWTWindowMonitor.mm; sourceTree = "<group>"; };
		72BA8DC42AB69B5C007B6EE4 /* NSWindow+MWTWindowSwizzle.h */ = {isa = PBXFileReference; lastKnownFileType = sourcecode.c.h; path = "NSWindow+MWTWindowSwizzle.h"; sourceTree = "<group>"; };
		72BA8DC52AB69B5C007B6EE4 /* NSWindow+MWTWindowSwizzle.m */ = {isa = PBXFileReference; lastKnownFileType = sourcecode.c.objc; path = "NSWindow+MWTWindowSwizzle.m"; sourceTree = "<group>"; };
		72BA8DC82AB90A43007B6EE4 /* NSApplication+MWTApplicationSwizzle.h */ = {isa = PBXFileReference; lastKnownFileType = sourcecode.c.h; path = "NSApplication+MWTApplicationSwizzle.h"; sourceTree = "<group>"; };
		72BA8DC92AB90A43007B6EE4 /* NSApplication+MWTApplicationSwizzle.m */ = {isa = PBXFileReference; lastKnownFileType = sourcecode.c.objc; path = "NSApplication+MWTApplicationSwizzle.m"; sourceTree = "<group>"; };
/* End PBXFileReference section */

/* Begin PBXFrameworksBuildPhase section */
		2BB196BB1AD586AA00164CD3 /* Frameworks */ = {
			isa = PBXFrameworksBuildPhase;
			buildActionMask = 2147483647;
			files = (
				72BA8DBF2AB69695007B6EE4 /* Cocoa.framework in Frameworks */,
			);
			runOnlyForDeploymentPostprocessing = 0;
		};
/* End PBXFrameworksBuildPhase section */

/* Begin PBXGroup section */
		2BB196B51AD586AA00164CD3 = {
			isa = PBXGroup;
			children = (
				727F022F2B1A9174009B979A /* MacWindowTamer.manifest */,
				2BB196C51AD5940800164CD3 /* MacWindowTamer.mm */,
				72BA8DC02AB6971F007B6EE4 /* MWTWindowMonitor.h */,
				72BA8DC12AB6971F007B6EE4 /* MWTWindowMonitor.mm */,
				72BA8DC42AB69B5C007B6EE4 /* NSWindow+MWTWindowSwizzle.h */,
				72BA8DC52AB69B5C007B6EE4 /* NSWindow+MWTWindowSwizzle.m */,
				72BA8DC82AB90A43007B6EE4 /* NSApplication+MWTApplicationSwizzle.h */,
				72BA8DC92AB90A43007B6EE4 /* NSApplication+MWTApplicationSwizzle.m */,
				2BB196BF1AD586AA00164CD3 /* Products */,
				72BA8DBD2AB69695007B6EE4 /* Frameworks */,
			);
			sourceTree = "<group>";
		};
		2BB196BF1AD586AA00164CD3 /* Products */ = {
			isa = PBXGroup;
			children = (
				2BB196BE1AD586AA00164CD3 /* MacWindowTamer.dylib */,
			);
			name = Products;
			sourceTree = "<group>";
		};
		72BA8DBD2AB69695007B6EE4 /* Frameworks */ = {
			isa = PBXGroup;
			children = (
				72BA8DBE2AB69695007B6EE4 /* Cocoa.framework */,
			);
			name = Frameworks;
			sourceTree = "<group>";
		};
/* End PBXGroup section */

/* Begin PBXHeadersBuildPhase section */
		2BB196BC1AD586AA00164CD3 /* Headers */ = {
			isa = PBXHeadersBuildPhase;
			buildActionMask = 2147483647;
			files = (
				72BA8DC22AB6971F007B6EE4 /* MWTWindowMonitor.h in Headers */,
				72BA8DC62AB69B5C007B6EE4 /* NSWindow+MWTWindowSwizzle.h in Headers */,
				72BA8DCA2AB90A43007B6EE4 /* NSApplication+MWTApplicationSwizzle.h in Headers */,
			);
			runOnlyForDeploymentPostprocessing = 0;
		};
/* End PBXHeadersBuildPhase section */

/* Begin PBXNativeTarget section */
		2BB196BD1AD586AA00164CD3 /* MacWindowTamer */ = {
			isa = PBXNativeTarget;
			buildConfigurationList = 2BB196C21AD586AA00164CD3 /* Build configuration list for PBXNativeTarget "MacWindowTamer" */;
			buildPhases = (
				2BB196BA1AD586AA00164CD3 /* Sources */,
				2BB196BB1AD586AA00164CD3 /* Frameworks */,
				2BB196BC1AD586AA00164CD3 /* Headers */,
			);
			buildRules = (
			);
			dependencies = (
			);
			name = MacWindowTamer;
			productName = MacWindowTamer;
			productReference = 2BB196BE1AD586AA00164CD3 /* MacWindowTamer.dylib */;
			productType = "com.apple.product-type.library.dynamic";
		};
/* End PBXNativeTarget section */

/* Begin PBXProject section */
		2BB196B61AD586AA00164CD3 /* Project object */ = {
			isa = PBXProject;
			attributes = {
				LastUpgradeCheck = 0500;
				ORGANIZATIONNAME = Autodesk;
				TargetAttributes = {
					2BB196BD1AD586AA00164CD3 = {
						DevelopmentTeam = VT5D6975LC;
					};
				};
			};
			buildConfigurationList = 2BB196B91AD586AA00164CD3 /* Build configuration list for PBXProject "MacWindowTamer" */;
			compatibilityVersion = "Xcode 3.2";
			developmentRegion = English;
			hasScannedForEncodings = 0;
			knownRegions = (
				English,
				en,
			);
			mainGroup = 2BB196B51AD586AA00164CD3;
			productRefGroup = 2BB196BF1AD586AA00164CD3 /* Products */;
			projectDirPath = "";
			projectRoot = "";
			targets = (
				2BB196BD1AD586AA00164CD3 /* MacWindowTamer */,
			);
		};
/* End PBXProject section */

/* Begin PBXSourcesBuildPhase section */
		2BB196BA1AD586AA00164CD3 /* Sources */ = {
			isa = PBXSourcesBuildPhase;
			buildActionMask = 2147483647;
			files = (
				72BA8DCB2AB90A43007B6EE4 /* NSApplication+MWTApplicationSwizzle.m in Sources */,
				2BB196C61AD5940800164CD3 /* MacWindowTamer.mm in Sources */,
				72BA8DC72AB69B5C007B6EE4 /* NSWindow+MWTWindowSwizzle.m in Sources */,
				72BA8DC32AB6971F007B6EE4 /* MWTWindowMonitor.mm in Sources */,
			);
			runOnlyForDeploymentPostprocessing = 0;
		};
/* End PBXSourcesBuildPhase section */

/* Begin XCBuildConfiguration section */
		2BB196C01AD586AA00164CD3 /* Debug */ = {
			isa = XCBuildConfiguration;
			buildSettings = {
				ALWAYS_SEARCH_USER_PATHS = NO;
				CLANG_CXX_LANGUAGE_STANDARD = "gnu++0x";
				CLANG_CXX_LIBRARY = "libc++";
				CLANG_ENABLE_OBJC_ARC = YES;
				CLANG_WARN_BOOL_CONVERSION = YES;
				CLANG_WARN_CONSTANT_CONVERSION = YES;
				CLANG_WARN_DIRECT_OBJC_ISA_USAGE = YES_ERROR;
				CLANG_WARN_EMPTY_BODY = YES;
				CLANG_WARN_ENUM_CONVERSION = YES;
				CLANG_WARN_INT_CONVERSION = YES;
				CLANG_WARN_OBJC_ROOT_CLASS = YES_ERROR;
				CLANG_WARN__DUPLICATE_METHOD_MATCH = YES;
				CODE_SIGN_IDENTITY = "Mac Developer";
				COPY_PHASE_STRIP = NO;
				DEVELOPMENT_TEAM = VT5D6975LC;
				GCC_C_LANGUAGE_STANDARD = gnu99;
				GCC_DYNAMIC_NO_PIC = NO;
				GCC_ENABLE_OBJC_EXCEPTIONS = YES;
				GCC_OPTIMIZATION_LEVEL = 0;
				GCC_PREPROCESSOR_DEFINITIONS = (
					"DEBUG=1",
					"$(inherited)",
				);
				GCC_SYMBOLS_PRIVATE_EXTERN = NO;
				GCC_WARN_64_TO_32_BIT_CONVERSION = YES;
				GCC_WARN_ABOUT_RETURN_TYPE = YES_ERROR;
				GCC_WARN_UNDECLARED_SELECTOR = YES;
				GCC_WARN_UNINITIALIZED_AUTOS = YES;
				GCC_WARN_UNUSED_FUNCTION = YES;
				GCC_WARN_UNUSED_VARIABLE = YES;
				HEADER_SEARCH_PATHS = (
					"$(inherited)",
					/Applications/Xcode.app/Contents/Developer/Toolchains/XcodeDefault.xctoolchain/usr/include,
					"$(USER_LIBRARY_DIR)/Application\\ Support/Autodesk/Autodesk\\ Fusion\\ 360/API/CPP/include",
				);
				LIBRARY_SEARCH_PATHS = "$(USER_LIBRARY_DIR)/Application\\ Support/Autodesk/Autodesk\\ Fusion\\ 360/API/CPP/lib";
				MACOSX_DEPLOYMENT_TARGET = 11.0;
				ONLY_ACTIVE_ARCH = YES;
				SDKROOT = macosx;
			};
			name = Debug;
		};
		2BB196C11AD586AA00164CD3 /* Release */ = {
			isa = XCBuildConfiguration;
			buildSettings = {
				ALWAYS_SEARCH_USER_PATHS = NO;
				CLANG_CXX_LANGUAGE_STANDARD = "gnu++0x";
				CLANG_CXX_LIBRARY = "libc++";
				CLANG_ENABLE_OBJC_ARC = YES;
				CLANG_WARN_BOOL_CONVERSION = YES;
				CLANG_WARN_CONSTANT_CONVERSION = YES;
				CLANG_WARN_DIRECT_OBJC_ISA_USAGE = YES_ERROR;
				CLANG_WARN_EMPTY_BODY = YES;
				CLANG_WARN_ENUM_CONVERSION = YES;
				CLANG_WARN_INT_CONVERSION = YES;
				CLANG_WARN_OBJC_ROOT_CLASS = YES_ERROR;
				CLANG_WARN__DUPLICATE_METHOD_MATCH = YES;
				CODE_SIGN_IDENTITY = "Mac Developer";
				COPY_PHASE_STRIP = YES;
				DEBUG_INFORMATION_FORMAT = "dwarf-with-dsym";
				DEVELOPMENT_TEAM = VT5D6975LC;
				ENABLE_NS_ASSERTIONS = NO;
				GCC_C_LANGUAGE_STANDARD = gnu99;
				GCC_ENABLE_OBJC_EXCEPTIONS = YES;
				GCC_WARN_64_TO_32_BIT_CONVERSION = YES;
				GCC_WARN_ABOUT_RETURN_TYPE = YES_ERROR;
				GCC_WARN_UNDECLARED_SELECTOR = YES;
				GCC_WARN_UNINITIALIZED_AUTOS = YES;
				GCC_WARN_UNUSED_FUNCTION = YES;
				GCC_WARN_UNUSED_VARIABLE = YES;
				HEADER_SEARCH_PATHS = (
					"$(inherited)",
					/Applications/Xcode.app/Contents/Developer/Toolchains/XcodeDefault.xctoolchain/usr/include,
					"$(USER_LIBRARY_DIR)/Application\\ Support/Autodesk/Autodesk\\ Fusion\\ 360/API/CPP/include",
				);
				LIBRARY_SEARCH_PATHS = "$(USER_LIBRARY_DIR)/Application\\ Support/Autodesk/Autodesk\\ Fusion\\ 360/API/CPP/lib";
				MACOSX_DEPLOYMENT_TARGET = 11.0;
				SDKROOT = macosx;
			};
			name = Release;
		};
		2BB196C31AD586AA00164CD3 /* Debug */ = {
			isa = XCBuildConfiguration;
			buildSettings = {
				CODE_SIGN_IDENTITY = "Developer ID Application";
				CONFIGURATION_BUILD_DIR = "$(BUILD_DIR)/$(EFFECTIVE_PLATFORM_NAME)";
				EXECUTABLE_EXTENSION = dylib;
				EXECUTABLE_PREFIX = "";
				FRAMEWORK_SEARCH_PATHS = "$(inherited)";
				HEADER_SEARCH_PATHS = (
					"$(inherited)",
					"$(PYTHONINC)",
					/Applications/Xcode.app/Contents/Developer/Toolchains/XcodeDefault.xctoolchain/usr/include,
				);
				INSTALL_PATH = "$(SRCROOT)/Autodesk/Autodesk Fusion 360/API/AddIns/MacWindowTamer";
				LIBRARY_SEARCH_PATHS = "";
				MACOSX_DEPLOYMENT_TARGET = "";
				ONLY_ACTIVE_ARCH = NO;
				OTHER_LDFLAGS = (
					"$(USER_LIBRARY_DIR)/Application\\ Support/Autodesk/Autodesk\\ Fusion\\ 360/API/CPP/lib/core.dylib",
					"$(USER_LIBRARY_DIR)/Application\\ Support/Autodesk/Autodesk\\ Fusion\\ 360/API/CPP/lib/fusion.dylib",
					"$(USER_LIBRARY_DIR)/Application\\ Support/Autodesk/Autodesk\\ Fusion\\ 360/API/CPP/lib/cam.dylib",
				);
				PRELINK_LIBS = "";
				PRODUCT_NAME = "$(TARGET_NAME)";
				SYMROOT = "$(SRCROOT)";
			};
			name = Debug;
		};
		2BB196C41AD586AA00164CD3 /* Release */ = {
			isa = XCBuildConfiguration;
			buildSettings = {
				CODE_SIGN_IDENTITY = "Developer ID Application";
				CONFIGURATION_BUILD_DIR = "$(BUILD_DIR)/$(EFFECTIVE_PLATFORM_NAME)";
				EXECUTABLE_EXTENSION = dylib;
				EXECUTABLE_PREFIX = "";
				FRAMEWORK_SEARCH_PATHS = "$(inherited)";
				HEADER_SEARCH_PATHS = (
					"$(inherited)",
					"$(PYTHONINC)",
					/Applications/Xcode.app/Contents/Developer/Toolchains/XcodeDefault.xctoolchain/usr/include,
				);
				INSTALL_PATH = "$(SRCROOT)/Autodesk/Autodesk Fusion 360/API/AddIns/MacWindowTamer";
				LIBRARY_SEARCH_PATHS = "";
				MACOSX_DEPLOYMENT_TARGET = "";
				OTHER_LDFLAGS = (
					"$(USER_LIBRARY_DIR)/Application\\ Support/Autodesk/Autodesk\\ Fusion\\ 360/API/CPP/lib/core.dylib",
					"$(USER_LIBRARY_DIR)/Application\\ Support/Autodesk/Autodesk\\ Fusion\\ 360/API/CPP/lib/fusion.dylib",
					"$(USER_LIBRARY_DIR)/Application\\ Support/Autodesk/Autodesk\\ Fusion\\ 360/API/CPP/lib/cam.dylib",
				);
				PRELINK_LIBS = "";
				PRODUCT_NAME = "$(TARGET_NAME)";
				SYMROOT = "$(SRCROOT)";
			};
			name = Release;
		};
/* End XCBuildConfiguration section */

/* Begin XCConfigurationList section */
		2BB196B91AD586AA00164CD3 /* Build configuration list for PBXProject "MacWindowTamer" */ = {
			isa = XCConfigurationList;
			buildConfigurations = (
				2BB196C01AD586AA00164CD3 /* Debug */,
				2BB196C11AD586AA00164CD3 /* Release */,
			);
			defaultConfigurationIsVisible = 0;
			defaultConfigurationName = Release;
		};
		2BB196C21AD586AA00164CD3 /* Build configuration list for PBXNativeTarget "MacWindowTamer" */ = {
			isa = XCConfigurationList;
			buildConfigurations = (
				2BB196C31AD586AA00164CD3 /* Debug */,
				2BB196C41AD586AA00164CD3 /* Release */,
			);
			defaultConfigurationIsVisible = 0;
			defaultConfigurationName = Release;
		};
/* End XCConfigurationList section */
	};
	rootObject = 2BB196B61AD586AA00164CD3 /* Project object */;
}
